// !$*UTF8*$!
{
	archiveVersion = 1;
	classes = {
	};
	objectVersion = 50;
	objects = {

/* Begin PBXBuildFile section */
		A51DE6E921999EA300A65D27 /* AppDelegate.m in Sources */ = {isa = PBXBuildFile; fileRef = A51DE6E821999EA300A65D27 /* AppDelegate.m */; };
		A51DE6EC21999EA300A65D27 /* ViewController.m in Sources */ = {isa = PBXBuildFile; fileRef = A51DE6EB21999EA300A65D27 /* ViewController.m */; };
		A51DE6EF21999EA300A65D27 /* Main.storyboard in Resources */ = {isa = PBXBuildFile; fileRef = A51DE6ED21999EA300A65D27 /* Main.storyboard */; };
		A51DE6F121999EA400A65D27 /* Assets.xcassets in Resources */ = {isa = PBXBuildFile; fileRef = A51DE6F021999EA400A65D27 /* Assets.xcassets */; };
		A51DE6F421999EA400A65D27 /* LaunchScreen.storyboard in Resources */ = {isa = PBXBuildFile; fileRef = A51DE6F221999EA400A65D27 /* LaunchScreen.storyboard */; };
		A51DE6F721999EA400A65D27 /* main.m in Sources */ = {isa = PBXBuildFile; fileRef = A51DE6F621999EA400A65D27 /* main.m */; };
		A51DE70121999F1600A65D27 /* TWUtil.m in Sources */ = {isa = PBXBuildFile; fileRef = A51DE70021999F1600A65D27 /* TWUtil.m */; };
		A57D074121B6572200B36189 /* UIView+Frame.m in Sources */ = {isa = PBXBuildFile; fileRef = A57D074021B6572200B36189 /* UIView+Frame.m */; };
		A57D0A5A21B7BC1A00B36189 /* NSDateFormatter+Extension.m in Sources */ = {isa = PBXBuildFile; fileRef = A57D0A5621B7BC1900B36189 /* NSDateFormatter+Extension.m */; };
		A57D0A5B21B7BC1A00B36189 /* NSDate+Extension.m in Sources */ = {isa = PBXBuildFile; fileRef = A57D0A5821B7BC1900B36189 /* NSDate+Extension.m */; };
/* End PBXBuildFile section */

/* Begin PBXFileReference section */
		A51DE6E421999EA300A65D27 /* TWBaseTool.app */ = {isa = PBXFileReference; explicitFileType = wrapper.application; includeInIndex = 0; path = TWBaseTool.app; sourceTree = BUILT_PRODUCTS_DIR; };
		A51DE6E721999EA300A65D27 /* AppDelegate.h */ = {isa = PBXFileReference; lastKnownFileType = sourcecode.c.h; path = AppDelegate.h; sourceTree = "<group>"; };
		A51DE6E821999EA300A65D27 /* AppDelegate.m */ = {isa = PBXFileReference; lastKnownFileType = sourcecode.c.objc; path = AppDelegate.m; sourceTree = "<group>"; };
		A51DE6EA21999EA300A65D27 /* ViewController.h */ = {isa = PBXFileReference; lastKnownFileType = sourcecode.c.h; path = ViewController.h; sourceTree = "<group>"; };
		A51DE6EB21999EA300A65D27 /* ViewController.m */ = {isa = PBXFileReference; lastKnownFileType = sourcecode.c.objc; path = ViewController.m; sourceTree = "<group>"; };
		A51DE6EE21999EA300A65D27 /* Base */ = {isa = PBXFileReference; lastKnownFileType = file.storyboard; name = Base; path = Base.lproj/Main.storyboard; sourceTree = "<group>"; };
		A51DE6F021999EA400A65D27 /* Assets.xcassets */ = {isa = PBXFileReference; lastKnownFileType = folder.assetcatalog; path = Assets.xcassets; sourceTree = "<group>"; };
		A51DE6F321999EA400A65D27 /* Base */ = {isa = PBXFileReference; lastKnownFileType = file.storyboard; name = Base; path = Base.lproj/LaunchScreen.storyboard; sourceTree = "<group>"; };
		A51DE6F521999EA400A65D27 /* Info.plist */ = {isa = PBXFileReference; lastKnownFileType = text.plist.xml; path = Info.plist; sourceTree = "<group>"; };
		A51DE6F621999EA400A65D27 /* main.m */ = {isa = PBXFileReference; lastKnownFileType = sourcecode.c.objc; path = main.m; sourceTree = "<group>"; };
		A51DE6FE21999EED00A65D27 /* TWBaseTool.h */ = {isa = PBXFileReference; lastKnownFileType = sourcecode.c.h; path = TWBaseTool.h; sourceTree = "<group>"; };
		A51DE6FF21999F1600A65D27 /* TWUtil.h */ = {isa = PBXFileReference; lastKnownFileType = sourcecode.c.h; path = TWUtil.h; sourceTree = "<group>"; };
		A51DE70021999F1600A65D27 /* TWUtil.m */ = {isa = PBXFileReference; lastKnownFileType = sourcecode.c.objc; path = TWUtil.m; sourceTree = "<group>"; };
		A57D073F21B6572200B36189 /* UIView+Frame.h */ = {isa = PBXFileReference; lastKnownFileType = sourcecode.c.h; path = "UIView+Frame.h"; sourceTree = "<group>"; };
		A57D074021B6572200B36189 /* UIView+Frame.m */ = {isa = PBXFileReference; lastKnownFileType = sourcecode.c.objc; path = "UIView+Frame.m"; sourceTree = "<group>"; };
		A57D0A5621B7BC1900B36189 /* NSDateFormatter+Extension.m */ = {isa = PBXFileReference; fileEncoding = 4; lastKnownFileType = sourcecode.c.objc; path = "NSDateFormatter+Extension.m"; sourceTree = "<group>"; };
		A57D0A5721B7BC1900B36189 /* NSDate+Extension.h */ = {isa = PBXFileReference; fileEncoding = 4; lastKnownFileType = sourcecode.c.h; path = "NSDate+Extension.h"; sourceTree = "<group>"; };
		A57D0A5821B7BC1900B36189 /* NSDate+Extension.m */ = {isa = PBXFileReference; fileEncoding = 4; lastKnownFileType = sourcecode.c.objc; path = "NSDate+Extension.m"; sourceTree = "<group>"; };
		A57D0A5921B7BC1A00B36189 /* NSDateFormatter+Extension.h */ = {isa = PBXFileReference; fileEncoding = 4; lastKnownFileType = sourcecode.c.h; path = "NSDateFormatter+Extension.h"; sourceTree = "<group>"; };
/* End PBXFileReference section */

/* Begin PBXFrameworksBuildPhase section */
		A51DE6E121999EA300A65D27 /* Frameworks */ = {
			isa = PBXFrameworksBuildPhase;
			buildActionMask = 2147483647;
			files = (
			);
			runOnlyForDeploymentPostprocessing = 0;
		};
/* End PBXFrameworksBuildPhase section */

/* Begin PBXGroup section */
		A51DE6DB21999EA300A65D27 = {
			isa = PBXGroup;
			children = (
				A51DE6E621999EA300A65D27 /* TWBaseTool */,
				A51DE6E521999EA300A65D27 /* Products */,
			);
			sourceTree = "<group>";
		};
		A51DE6E521999EA300A65D27 /* Products */ = {
			isa = PBXGroup;
			children = (
				A51DE6E421999EA300A65D27 /* TWBaseTool.app */,
			);
			name = Products;
			sourceTree = "<group>";
		};
		A51DE6E621999EA300A65D27 /* TWBaseTool */ = {
			isa = PBXGroup;
			children = (
				A51DE6FD21999ED800A65D27 /* Classes */,
				A51DE6E721999EA300A65D27 /* AppDelegate.h */,
				A51DE6E821999EA300A65D27 /* AppDelegate.m */,
				A51DE6EA21999EA300A65D27 /* ViewController.h */,
				A51DE6EB21999EA300A65D27 /* ViewController.m */,
				A51DE6ED21999EA300A65D27 /* Main.storyboard */,
				A51DE6F021999EA400A65D27 /* Assets.xcassets */,
				A51DE6F221999EA400A65D27 /* LaunchScreen.storyboard */,
				A51DE6F521999EA400A65D27 /* Info.plist */,
				A51DE6F621999EA400A65D27 /* main.m */,
			);
			path = TWBaseTool;
			sourceTree = "<group>";
		};
		A51DE6FD21999ED800A65D27 /* Classes */ = {
			isa = PBXGroup;
			children = (
				A51DE6FE21999EED00A65D27 /* TWBaseTool.h */,
				A51DE6FF21999F1600A65D27 /* TWUtil.h */,
				A51DE70021999F1600A65D27 /* TWUtil.m */,
				A57D073F21B6572200B36189 /* UIView+Frame.h */,
				A57D074021B6572200B36189 /* UIView+Frame.m */,
				A57D0A5721B7BC1900B36189 /* NSDate+Extension.h */,
				A57D0A5821B7BC1900B36189 /* NSDate+Extension.m */,
				A57D0A5921B7BC1A00B36189 /* NSDateFormatter+Extension.h */,
				A57D0A5621B7BC1900B36189 /* NSDateFormatter+Extension.m */,
			);
			path = Classes;
			sourceTree = "<group>";
		};
/* End PBXGroup section */

/* Begin PBXNativeTarget section */
		A51DE6E321999EA300A65D27 /* TWBaseTool */ = {
			isa = PBXNativeTarget;
			buildConfigurationList = A51DE6FA21999EA400A65D27 /* Build configuration list for PBXNativeTarget "TWBaseTool" */;
			buildPhases = (
				A51DE6E021999EA300A65D27 /* Sources */,
				A51DE6E121999EA300A65D27 /* Frameworks */,
				A51DE6E221999EA300A65D27 /* Resources */,
			);
			buildRules = (
			);
			dependencies = (
			);
			name = TWBaseTool;
			productName = TWBaseTool;
			productReference = A51DE6E421999EA300A65D27 /* TWBaseTool.app */;
			productType = "com.apple.product-type.application";
		};
/* End PBXNativeTarget section */

/* Begin PBXProject section */
		A51DE6DC21999EA300A65D27 /* Project object */ = {
			isa = PBXProject;
			attributes = {
				LastUpgradeCheck = 0940;
				ORGANIZATIONNAME = tilt;
				TargetAttributes = {
					A51DE6E321999EA300A65D27 = {
						CreatedOnToolsVersion = 9.4.1;
					};
				};
			};
			buildConfigurationList = A51DE6DF21999EA300A65D27 /* Build configuration list for PBXProject "TWBaseTool" */;
			compatibilityVersion = "Xcode 9.3";
			developmentRegion = en;
			hasScannedForEncodings = 0;
			knownRegions = (
				en,
				Base,
			);
			mainGroup = A51DE6DB21999EA300A65D27;
			productRefGroup = A51DE6E521999EA300A65D27 /* Products */;
			projectDirPath = "";
			projectRoot = "";
			targets = (
				A51DE6E321999EA300A65D27 /* TWBaseTool */,
			);
		};
/* End PBXProject section */

/* Begin PBXResourcesBuildPhase section */
		A51DE6E221999EA300A65D27 /* Resources */ = {
			isa = PBXResourcesBuildPhase;
			buildActionMask = 2147483647;
			files = (
				A51DE6F421999EA400A65D27 /* LaunchScreen.storyboard in Resources */,
				A51DE6F121999EA400A65D27 /* Assets.xcassets in Resources */,
				A51DE6EF21999EA300A65D27 /* Main.storyboard in Resources */,
			);
			runOnlyForDeploymentPostprocessing = 0;
		};
/* End PBXResourcesBuildPhase section */

/* Begin PBXSourcesBuildPhase section */
		A51DE6E021999EA300A65D27 /* Sources */ = {
			isa = PBXSourcesBuildPhase;
			buildActionMask = 2147483647;
			files = (
				A57D0A5B21B7BC1A00B36189 /* NSDate+Extension.m in Sources */,
				A57D074121B6572200B36189 /* UIView+Frame.m in Sources */,
				A51DE70121999F1600A65D27 /* TWUtil.m in Sources */,
				A51DE6EC21999EA300A65D27 /* ViewController.m in Sources */,
				A57D0A5A21B7BC1A00B36189 /* NSDateFormatter+Extension.m in Sources */,
				A51DE6F721999EA400A65D27 /* main.m in Sources */,
				A51DE6E921999EA300A65D27 /* AppDelegate.m in Sources */,
			);
			runOnlyForDeploymentPostprocessing = 0;
		};
/* End PBXSourcesBuildPhase section */

/* Begin PBXVariantGroup section */
		A51DE6ED21999EA300A65D27 /* Main.storyboard */ = {
			isa = PBXVariantGroup;
			children = (
				A51DE6EE21999EA300A65D27 /* Base */,
			);
			name = Main.storyboard;
			sourceTree = "<group>";
		};
		A51DE6F221999EA400A65D27 /* LaunchScreen.storyboard */ = {
			isa = PBXVariantGroup;
			children = (
				A51DE6F321999EA400A65D27 /* Base */,
			);
			name = LaunchScreen.storyboard;
			sourceTree = "<group>";
		};
/* End PBXVariantGroup section */

/* Begin XCBuildConfiguration section */
		A51DE6F821999EA400A65D27 /* Debug */ = {
			isa = XCBuildConfiguration;
			buildSettings = {
				ALWAYS_SEARCH_USER_PATHS = NO;
				CLANG_ANALYZER_NONNULL = YES;
				CLANG_ANALYZER_NUMBER_OBJECT_CONVERSION = YES_AGGRESSIVE;
				CLANG_CXX_LANGUAGE_STANDARD = "gnu++14";
				CLANG_CXX_LIBRARY = "libc++";
				CLANG_ENABLE_MODULES = YES;
				CLANG_ENABLE_OBJC_ARC = YES;
				CLANG_ENABLE_OBJC_WEAK = YES;
				CLANG_WARN_BLOCK_CAPTURE_AUTORELEASING = YES;
				CLANG_WARN_BOOL_CONVERSION = YES;
				CLANG_WARN_COMMA = YES;
				CLANG_WARN_CONSTANT_CONVERSION = YES;
				CLANG_WARN_DEPRECATED_OBJC_IMPLEMENTATIONS = YES;
				CLANG_WARN_DIRECT_OBJC_ISA_USAGE = YES_ERROR;
				CLANG_WARN_DOCUMENTATION_COMMENTS = YES;
				CLANG_WARN_EMPTY_BODY = YES;
				CLANG_WARN_ENUM_CONVERSION = YES;
				CLANG_WARN_INFINITE_RECURSION = YES;
				CLANG_WARN_INT_CONVERSION = YES;
				CLANG_WARN_NON_LITERAL_NULL_CONVERSION = YES;
				CLANG_WARN_OBJC_IMPLICIT_RETAIN_SELF = YES;
				CLANG_WARN_OBJC_LITERAL_CONVERSION = YES;
				CLANG_WARN_OBJC_ROOT_CLASS = YES_ERROR;
				CLANG_WARN_RANGE_LOOP_ANALYSIS = YES;
				CLANG_WARN_STRICT_PROTOTYPES = YES;
				CLANG_WARN_SUSPICIOUS_MOVE = YES;
				CLANG_WARN_UNGUARDED_AVAILABILITY = YES_AGGRESSIVE;
				CLANG_WARN_UNREACHABLE_CODE = YES;
				CLANG_WARN__DUPLICATE_METHOD_MATCH = YES;
				CODE_SIGN_IDENTITY = "iPhone Developer";
				COPY_PHASE_STRIP = NO;
				DEBUG_INFORMATION_FORMAT = dwarf;
				ENABLE_STRICT_OBJC_MSGSEND = YES;
				ENABLE_TESTABILITY = YES;
				GCC_C_LANGUAGE_STANDARD = gnu11;
				GCC_DYNAMIC_NO_PIC = NO;
				GCC_NO_COMMON_BLOCKS = YES;
				GCC_OPTIMIZATION_LEVEL = 0;
				GCC_PREPROCESSOR_DEFINITIONS = (
					"DEBUG=1",
					"$(inherited)",
				);
				GCC_WARN_64_TO_32_BIT_CONVERSION = YES;
				GCC_WARN_ABOUT_RETURN_TYPE = YES_ERROR;
				GCC_WARN_UNDECLARED_SELECTOR = YES;
				GCC_WARN_UNINITIALIZED_AUTOS = YES_AGGRESSIVE;
				GCC_WARN_UNUSED_FUNCTION = YES;
				GCC_WARN_UNUSED_VARIABLE = YES;
				IPHONEOS_DEPLOYMENT_TARGET = 11.4;
				MTL_ENABLE_DEBUG_INFO = YES;
				ONLY_ACTIVE_ARCH = YES;
				SDKROOT = iphoneos;
			};
			name = Debug;
		};
		A51DE6F921999EA400A65D27 /* Release */ = {
			isa = XCBuildConfiguration;
			buildSettings = {
				ALWAYS_SEARCH_USER_PATHS = NO;
				CLANG_ANALYZER_NONNULL = YES;
				CLANG_ANALYZER_NUMBER_OBJECT_CONVERSION = YES_AGGRESSIVE;
				CLANG_CXX_LANGUAGE_STANDARD = "gnu++14";
				CLANG_CXX_LIBRARY = "libc++";
				CLANG_ENABLE_MODULES = YES;
				CLANG_ENABLE_OBJC_ARC = YES;
				CLANG_ENABLE_OBJC_WEAK = YES;
				CLANG_WARN_BLOCK_CAPTURE_AUTORELEASING = YES;
				CLANG_WARN_BOOL_CONVERSION = YES;
				CLANG_WARN_COMMA = YES;
				CLANG_WARN_CONSTANT_CONVERSION = YES;
				CLANG_WARN_DEPRECATED_OBJC_IMPLEMENTATIONS = YES;
				CLANG_WARN_DIRECT_OBJC_ISA_USAGE = YES_ERROR;
				CLANG_WARN_DOCUMENTATION_COMMENTS = YES;
				CLANG_WARN_EMPTY_BODY = YES;
				CLANG_WARN_ENUM_CONVERSION = YES;
				CLANG_WARN_INFINITE_RECURSION = YES;
				CLANG_WARN_INT_CONVERSION = YES;
				CLANG_WARN_NON_LITERAL_NULL_CONVERSION = YES;
				CLANG_WARN_OBJC_IMPLICIT_RETAIN_SELF = YES;
				CLANG_WARN_OBJC_LITERAL_CONVERSION = YES;
				CLANG_WARN_OBJC_ROOT_CLASS = YES_ERROR;
				CLANG_WARN_RANGE_LOOP_ANALYSIS = YES;
				CLANG_WARN_STRICT_PROTOTYPES = YES;
				CLANG_WARN_SUSPICIOUS_MOVE = YES;
				CLANG_WARN_UNGUARDED_AVAILABILITY = YES_AGGRESSIVE;
				CLANG_WARN_UNREACHABLE_CODE = YES;
				CLANG_WARN__DUPLICATE_METHOD_MATCH = YES;
				CODE_SIGN_IDENTITY = "iPhone Developer";
				COPY_PHASE_STRIP = NO;
				DEBUG_INFORMATION_FORMAT = "dwarf-with-dsym";
				ENABLE_NS_ASSERTIONS = NO;
				ENABLE_STRICT_OBJC_MSGSEND = YES;
				GCC_C_LANGUAGE_STANDARD = gnu11;
				GCC_NO_COMMON_BLOCKS = YES;
				GCC_WARN_64_TO_32_BIT_CONVERSION = YES;
				GCC_WARN_ABOUT_RETURN_TYPE = YES_ERROR;
				GCC_WARN_UNDECLARED_SELECTOR = YES;
				GCC_WARN_UNINITIALIZED_AUTOS = YES_AGGRESSIVE;
				GCC_WARN_UNUSED_FUNCTION = YES;
				GCC_WARN_UNUSED_VARIABLE = YES;
				IPHONEOS_DEPLOYMENT_TARGET = 11.4;
				MTL_ENABLE_DEBUG_INFO = NO;
				SDKROOT = iphoneos;
				VALIDATE_PRODUCT = YES;
			};
			name = Release;
		};
		A51DE6FB21999EA400A65D27 /* Debug */ = {
			isa = XCBuildConfiguration;
			buildSettings = {
				ASSETCATALOG_COMPILER_APPICON_NAME = AppIcon;
				CODE_SIGN_STYLE = Automatic;
				DEVELOPMENT_TEAM = 49V4SD84YG;
				INFOPLIST_FILE = TWBaseTool/Info.plist;
				IPHONEOS_DEPLOYMENT_TARGET = 8.0;
				LD_RUNPATH_SEARCH_PATHS = (
					"$(inherited)",
					"@executable_path/Frameworks",
				);
				PRODUCT_BUNDLE_IDENTIFIER = tilt.com.TWBaseTool;
				PRODUCT_NAME = "$(TARGET_NAME)";
				TARGETED_DEVICE_FAMILY = "1,2";
			};
			name = Debug;
		};
		A51DE6FC21999EA400A65D27 /* Release */ = {
			isa = XCBuildConfiguration;
			buildSettings = {
				ASSETCATALOG_COMPILER_APPICON_NAME = AppIcon;
				CODE_SIGN_STYLE = Automatic;
				DEVELOPMENT_TEAM = 49V4SD84YG;
				INFOPLIST_FILE = TWBaseTool/Info.plist;
				IPHONEOS_DEPLOYMENT_TARGET = 8.0;
				LD_RUNPATH_SEARCH_PATHS = (
					"$(inherited)",
					"@executable_path/Frameworks",
				);
				PRODUCT_BUNDLE_IDENTIFIER = tilt.com.TWBaseTool;
				PRODUCT_NAME = "$(TARGET_NAME)";
				TARGETED_DEVICE_FAMILY = "1,2";
			};
			name = Release;
		};
/* End XCBuildConfiguration section */

/* Begin XCConfigurationList section */
		A51DE6DF21999EA300A65D27 /* Build configuration list for PBXProject "TWBaseTool" */ = {
			isa = XCConfigurationList;
			buildConfigurations = (
				A51DE6F821999EA400A65D27 /* Debug */,
				A51DE6F921999EA400A65D27 /* Release */,
			);
			defaultConfigurationIsVisible = 0;
			defaultConfigurationName = Release;
		};
		A51DE6FA21999EA400A65D27 /* Build configuration list for PBXNativeTarget "TWBaseTool" */ = {
			isa = XCConfigurationList;
			buildConfigurations = (
				A51DE6FB21999EA400A65D27 /* Debug */,
				A51DE6FC21999EA400A65D27 /* Release */,
			);
			defaultConfigurationIsVisible = 0;
			defaultConfigurationName = Release;
		};
/* End XCConfigurationList section */
	};
	rootObject = A51DE6DC21999EA300A65D27 /* Project object */;
}
